
Microsoft Visual Studio Solution File, Format Version 12.00
# Visual Studio Version 17
VisualStudioVersion = 17.3.32929.385
MinimumVisualStudioVersion = 10.0.40219.1
Project("{FAE04EC0-301F-11D3-BF4B-00C04F79EFBC}") = "SwapPortal_API", "SwapPortal_API\SwapPortal_API.csproj", "{75F298B6-D756-4789-BE28-7259EB73AA2F}"
EndProject
Global
	GlobalSection(SolutionConfigurationPlatforms) = preSolution
		Debug|Any CPU = Debug|Any CPU
		Release|Any CPU = Release|Any CPU
	EndGlobalSection
	GlobalSection(ProjectConfigurationPlatforms) = postSolution
		{75F298B6-D756-4789-BE28-7259EB73AA2F}.Debug|Any CPU.ActiveCfg = Debug|Any CPU
		{75F298B6-D756-4789-BE28-7259EB73AA2F}.Debug|Any CPU.Build.0 = Debug|Any CPU
		{75F298B6-D756-4789-BE28-7259EB73AA2F}.Release|Any CPU.ActiveCfg = Release|Any CPU
		{75F298B6-D756-4789-BE28-7259EB73AA2F}.Release|Any CPU.Build.0 = Release|Any CPU
	EndGlobalSection
	GlobalSection(SolutionProperties) = preSolution
		HideSolutionNode = FALSE
	EndGlobalSection
	GlobalSection(ExtensibilityGlobals) = postSolution
		SolutionGuid = {62BF92B2-D6DE-4D01-8B5A-68E1CE8EDE87}
	EndGlobalSection
EndGlobal
